// !$*UTF8*$!
{
	archiveVersion = 1;
	classes = {
	};
	objectVersion = 46;
	objects = {

/* Begin PBXBuildFile section */
		8496EF9117D08BCC006BCB07 /* UIKit.framework in Frameworks */ = {isa = PBXBuildFile; fileRef = 8496EF9017D08BCC006BCB07 /* UIKit.framework */; };
		8496EF9317D08BCC006BCB07 /* Foundation.framework in Frameworks */ = {isa = PBXBuildFile; fileRef = 8496EF9217D08BCC006BCB07 /* Foundation.framework */; };
		8496EF9517D08BCC006BCB07 /* CoreGraphics.framework in Frameworks */ = {isa = PBXBuildFile; fileRef = 8496EF9417D08BCC006BCB07 /* CoreGraphics.framework */; };
		8496EF9B17D08BCC006BCB07 /* InfoPlist.strings in Resources */ = {isa = PBXBuildFile; fileRef = 8496EF9917D08BCC006BCB07 /* InfoPlist.strings */; };
		8496EF9D17D08BCC006BCB07 /* main.m in Sources */ = {isa = PBXBuildFile; fileRef = 8496EF9C17D08BCC006BCB07 /* main.m */; };
		8496EFA117D08BCC006BCB07 /* KGGAppDelegate.m in Sources */ = {isa = PBXBuildFile; fileRef = 8496EFA017D08BCC006BCB07 /* KGGAppDelegate.m */; };
		8496EFA317D08BCC006BCB07 /* Default.png in Resources */ = {isa = PBXBuildFile; fileRef = 8496EFA217D08BCC006BCB07 /* Default.png */; };
		8496EFA517D08BCC006BCB07 /* Default@2x.png in Resources */ = {isa = PBXBuildFile; fileRef = 8496EFA417D08BCC006BCB07 /* Default@2x.png */; };
		8496EFA717D08BCC006BCB07 /* Default-568h@2x.png in Resources */ = {isa = PBXBuildFile; fileRef = 8496EFA617D08BCC006BCB07 /* Default-568h@2x.png */; };
		8496EFAA17D08BCC006BCB07 /* KGGViewController.m in Sources */ = {isa = PBXBuildFile; fileRef = 8496EFA917D08BCC006BCB07 /* KGGViewController.m */; };
		8496EFAD17D08BCC006BCB07 /* KGGViewController_iPhone.xib in Resources */ = {isa = PBXBuildFile; fileRef = 8496EFAB17D08BCC006BCB07 /* KGGViewController_iPhone.xib */; };
		8496EFB017D08BCC006BCB07 /* KGGViewController_iPad.xib in Resources */ = {isa = PBXBuildFile; fileRef = 8496EFAE17D08BCC006BCB07 /* KGGViewController_iPad.xib */; };
/* End PBXBuildFile section */

/* Begin PBXFileReference section */
		8496EF8D17D08BCC006BCB07 /* iOSSecondsTimerPicker.app */ = {isa = PBXFileReference; explicitFileType = wrapper.application; includeInIndex = 0; path = iOSSecondsTimerPicker.app; sourceTree = BUILT_PRODUCTS_DIR; };
		8496EF9017D08BCC006BCB07 /* UIKit.framework */ = {isa = PBXFileReference; lastKnownFileType = wrapper.framework; name = UIKit.framework; path = System/Library/Frameworks/UIKit.framework; sourceTree = SDKROOT; };
		8496EF9217D08BCC006BCB07 /* Foundation.framework */ = {isa = PBXFileReference; lastKnownFileType = wrapper.framework; name = Foundation.framework; path = System/Library/Frameworks/Foundation.framework; sourceTree = SDKROOT; };
		8496EF9417D08BCC006BCB07 /* CoreGraphics.framework */ = {isa = PBXFileReference; lastKnownFileType = wrapper.framework; name = CoreGraphics.framework; path = System/Library/Frameworks/CoreGraphics.framework; sourceTree = SDKROOT; };
		8496EF9817D08BCC006BCB07 /* iOSSecondsTimerPicker-Info.plist */ = {isa = PBXFileReference; lastKnownFileType = text.plist.xml; path = "iOSSecondsTimerPicker-Info.plist"; sourceTree = "<group>"; };
		8496EF9A17D08BCC006BCB07 /* en */ = {isa = PBXFileReference; lastKnownFileType = text.plist.strings; name = en; path = en.lproj/InfoPlist.strings; sourceTree = "<group>"; };
		8496EF9C17D08BCC006BCB07 /* main.m */ = {isa = PBXFileReference; lastKnownFileType = sourcecode.c.objc; path = main.m; sourceTree = "<group>"; };
		8496EF9E17D08BCC006BCB07 /* iOSSecondsTimerPicker-Prefix.pch */ = {isa = PBXFileReference; lastKnownFileType = sourcecode.c.h; path = "iOSSecondsTimerPicker-Prefix.pch"; sourceTree = "<group>"; };
		8496EF9F17D08BCC006BCB07 /* KGGAppDelegate.h */ = {isa = PBXFileReference; lastKnownFileType = sourcecode.c.h; path = KGGAppDelegate.h; sourceTree = "<group>"; };
		8496EFA017D08BCC006BCB07 /* KGGAppDelegate.m */ = {isa = PBXFileReference; lastKnownFileType = sourcecode.c.objc; path = KGGAppDelegate.m; sourceTree = "<group>"; };
		8496EFA217D08BCC006BCB07 /* Default.png */ = {isa = PBXFileReference; lastKnownFileType = image.png; path = Default.png; sourceTree = "<group>"; };
		8496EFA417D08BCC006BCB07 /* Default@2x.png */ = {isa = PBXFileReference; lastKnownFileType = image.png; path = "Default@2x.png"; sourceTree = "<group>"; };
		8496EFA617D08BCC006BCB07 /* Default-568h@2x.png */ = {isa = PBXFileReference; lastKnownFileType = image.png; path = "Default-568h@2x.png"; sourceTree = "<group>"; };
		8496EFA817D08BCC006BCB07 /* KGGViewController.h */ = {isa = PBXFileReference; lastKnownFileType = sourcecode.c.h; path = KGGViewController.h; sourceTree = "<group>"; };
		8496EFA917D08BCC006BCB07 /* KGGViewController.m */ = {isa = PBXFileReference; lastKnownFileType = sourcecode.c.objc; path = KGGViewController.m; sourceTree = "<group>"; };
		8496EFAC17D08BCC006BCB07 /* en */ = {isa = PBXFileReference; lastKnownFileType = file.xib; name = en; path = en.lproj/KGGViewController_iPhone.xib; sourceTree = "<group>"; };
		8496EFAF17D08BCC006BCB07 /* en */ = {isa = PBXFileReference; lastKnownFileType = file.xib; name = en; path = en.lproj/KGGViewController_iPad.xib; sourceTree = "<group>"; };
/* End PBXFileReference section */

/* Begin PBXFrameworksBuildPhase section */
		8496EF8A17D08BCC006BCB07 /* Frameworks */ = {
			isa = PBXFrameworksBuildPhase;
			buildActionMask = 2147483647;
			files = (
				8496EF9117D08BCC006BCB07 /* UIKit.framework in Frameworks */,
				8496EF9317D08BCC006BCB07 /* Foundation.framework in Frameworks */,
				8496EF9517D08BCC006BCB07 /* CoreGraphics.framework in Frameworks */,
			);
			runOnlyForDeploymentPostprocessing = 0;
		};
/* End PBXFrameworksBuildPhase section */

/* Begin PBXGroup section */
		8496EF8417D08BCC006BCB07 = {
			isa = PBXGroup;
			children = (
				8496EF9617D08BCC006BCB07 /* iOSSecondsTimerPicker */,
				8496EF8F17D08BCC006BCB07 /* Frameworks */,
				8496EF8E17D08BCC006BCB07 /* Products */,
			);
			sourceTree = "<group>";
		};
		8496EF8E17D08BCC006BCB07 /* Products */ = {
			isa = PBXGroup;
			children = (
				8496EF8D17D08BCC006BCB07 /* iOSSecondsTimerPicker.app */,
			);
			name = Products;
			sourceTree = "<group>";
		};
		8496EF8F17D08BCC006BCB07 /* Frameworks */ = {
			isa = PBXGroup;
			children = (
				8496EF9017D08BCC006BCB07 /* UIKit.framework */,
				8496EF9217D08BCC006BCB07 /* Foundation.framework */,
				8496EF9417D08BCC006BCB07 /* CoreGraphics.framework */,
			);
			name = Frameworks;
			sourceTree = "<group>";
		};
		8496EF9617D08BCC006BCB07 /* iOSSecondsTimerPicker */ = {
			isa = PBXGroup;
			children = (
				8496EF9F17D08BCC006BCB07 /* KGGAppDelegate.h */,
				8496EFA017D08BCC006BCB07 /* KGGAppDelegate.m */,
				8496EFA817D08BCC006BCB07 /* KGGViewController.h */,
				8496EFA917D08BCC006BCB07 /* KGGViewController.m */,
				8496EFAB17D08BCC006BCB07 /* KGGViewController_iPhone.xib */,
				8496EFAE17D08BCC006BCB07 /* KGGViewController_iPad.xib */,
				8496EF9717D08BCC006BCB07 /* Supporting Files */,
			);
			path = iOSSecondsTimerPicker;
			sourceTree = "<group>";
		};
		8496EF9717D08BCC006BCB07 /* Supporting Files */ = {
			isa = PBXGroup;
			children = (
				8496EF9817D08BCC006BCB07 /* iOSSecondsTimerPicker-Info.plist */,
				8496EF9917D08BCC006BCB07 /* InfoPlist.strings */,
				8496EF9C17D08BCC006BCB07 /* main.m */,
				8496EF9E17D08BCC006BCB07 /* iOSSecondsTimerPicker-Prefix.pch */,
				8496EFA217D08BCC006BCB07 /* Default.png */,
				8496EFA417D08BCC006BCB07 /* Default@2x.png */,
				8496EFA617D08BCC006BCB07 /* Default-568h@2x.png */,
			);
			name = "Supporting Files";
			sourceTree = "<group>";
		};
/* End PBXGroup section */

/* Begin PBXNativeTarget section */
		8496EF8C17D08BCC006BCB07 /* iOSSecondsTimerPicker */ = {
			isa = PBXNativeTarget;
			buildConfigurationList = 8496EFB317D08BCC006BCB07 /* Build configuration list for PBXNativeTarget "iOSSecondsTimerPicker" */;
			buildPhases = (
				8496EF8917D08BCC006BCB07 /* Sources */,
				8496EF8A17D08BCC006BCB07 /* Frameworks */,
				8496EF8B17D08BCC006BCB07 /* Resources */,
			);
			buildRules = (
			);
			dependencies = (
			);
			name = iOSSecondsTimerPicker;
			productName = iOSSecondsTimerPicker;
			productReference = 8496EF8D17D08BCC006BCB07 /* iOSSecondsTimerPicker.app */;
			productType = "com.apple.product-type.application";
		};
/* End PBXNativeTarget section */

/* Begin PBXProject section */
		8496EF8517D08BCC006BCB07 /* Project object */ = {
			isa = PBXProject;
			attributes = {
				CLASSPREFIX = KGG;
				LastUpgradeCheck = 0460;
				ORGANIZATIONNAME = "Konrad Gadzinowski";
			};
			buildConfigurationList = 8496EF8817D08BCC006BCB07 /* Build configuration list for PBXProject "iOSSecondsTimerPicker" */;
			compatibilityVersion = "Xcode 3.2";
			developmentRegion = English;
			hasScannedForEncodings = 0;
			knownRegions = (
				en,
			);
			mainGroup = 8496EF8417D08BCC006BCB07;
			productRefGroup = 8496EF8E17D08BCC006BCB07 /* Products */;
			projectDirPath = "";
			projectRoot = "";
			targets = (
				8496EF8C17D08BCC006BCB07 /* iOSSecondsTimerPicker */,
			);
		};
/* End PBXProject section */

/* Begin PBXResourcesBuildPhase section */
		8496EF8B17D08BCC006BCB07 /* Resources */ = {
			isa = PBXResourcesBuildPhase;
			buildActionMask = 2147483647;
			files = (
				8496EF9B17D08BCC006BCB07 /* InfoPlist.strings in Resources */,
				8496EFA317D08BCC006BCB07 /* Default.png in Resources */,
				8496EFA517D08BCC006BCB07 /* Default@2x.png in Resources */,
				8496EFA717D08BCC006BCB07 /* Default-568h@2x.png in Resources */,
				8496EFAD17D08BCC006BCB07 /* KGGViewController_iPhone.xib in Resources */,
				8496EFB017D08BCC006BCB07 /* KGGViewController_iPad.xib in Resources */,
			);
			runOnlyForDeploymentPostprocessing = 0;
		};
/* End PBXResourcesBuildPhase section */

/* Begin PBXSourcesBuildPhase section */
		8496EF8917D08BCC006BCB07 /* Sources */ = {
			isa = PBXSourcesBuildPhase;
			buildActionMask = 2147483647;
			files = (
				8496EF9D17D08BCC006BCB07 /* main.m in Sources */,
				8496EFA117D08BCC006BCB07 /* KGGAppDelegate.m in Sources */,
				8496EFAA17D08BCC006BCB07 /* KGGViewController.m in Sources */,
			);
			runOnlyForDeploymentPostprocessing = 0;
		};
/* End PBXSourcesBuildPhase section */

/* Begin PBXVariantGroup section */
		8496EF9917D08BCC006BCB07 /* InfoPlist.strings */ = {
			isa = PBXVariantGroup;
			children = (
				8496EF9A17D08BCC006BCB07 /* en */,
			);
			name = InfoPlist.strings;
			sourceTree = "<group>";
		};
		8496EFAB17D08BCC006BCB07 /* KGGViewController_iPhone.xib */ = {
			isa = PBXVariantGroup;
			children = (
				8496EFAC17D08BCC006BCB07 /* en */,
			);
			name = KGGViewController_iPhone.xib;
			sourceTree = "<group>";
		};
		8496EFAE17D08BCC006BCB07 /* KGGViewController_iPad.xib */ = {
			isa = PBXVariantGroup;
			children = (
				8496EFAF17D08BCC006BCB07 /* en */,
			);
			name = KGGViewController_iPad.xib;
			sourceTree = "<group>";
		};
/* End PBXVariantGroup section */

/* Begin XCBuildConfiguration section */
		8496EFB117D08BCC006BCB07 /* Debug */ = {
			isa = XCBuildConfiguration;
			buildSettings = {
				ALWAYS_SEARCH_USER_PATHS = NO;
				CLANG_CXX_LANGUAGE_STANDARD = "gnu++0x";
				CLANG_CXX_LIBRARY = "libc++";
				CLANG_ENABLE_OBJC_ARC = YES;
				CLANG_WARN_CONSTANT_CONVERSION = YES;
				CLANG_WARN_EMPTY_BODY = YES;
				CLANG_WARN_ENUM_CONVERSION = YES;
				CLANG_WARN_INT_CONVERSION = YES;
				CLANG_WARN__DUPLICATE_METHOD_MATCH = YES;
				"CODE_SIGN_IDENTITY[sdk=iphoneos*]" = "iPhone Developer";
				COPY_PHASE_STRIP = NO;
				GCC_C_LANGUAGE_STANDARD = gnu99;
				GCC_DYNAMIC_NO_PIC = NO;
				GCC_OPTIMIZATION_LEVEL = 0;
				GCC_PREPROCESSOR_DEFINITIONS = (
					"DEBUG=1",
					"$(inherited)",
				);
				GCC_SYMBOLS_PRIVATE_EXTERN = NO;
				GCC_WARN_ABOUT_RETURN_TYPE = YES;
				GCC_WARN_UNINITIALIZED_AUTOS = YES;
				GCC_WARN_UNUSED_VARIABLE = YES;
				IPHONEOS_DEPLOYMENT_TARGET = 6.1;
				ONLY_ACTIVE_ARCH = YES;
				SDKROOT = iphoneos;
				TARGETED_DEVICE_FAMILY = "1,2";
			};
			name = Debug;
		};
		8496EFB217D08BCC006BCB07 /* Release */ = {
			isa = XCBuildConfiguration;
			buildSettings = {
				ALWAYS_SEARCH_USER_PATHS = NO;
				CLANG_CXX_LANGUAGE_STANDARD = "gnu++0x";
				CLANG_CXX_LIBRARY = "libc++";
				CLANG_ENABLE_OBJC_ARC = YES;
				CLANG_WARN_CONSTANT_CONVERSION = YES;
				CLANG_WARN_EMPTY_BODY = YES;
				CLANG_WARN_ENUM_CONVERSION = YES;
				CLANG_WARN_INT_CONVERSION = YES;
				CLANG_WARN__DUPLICATE_METHOD_MATCH = YES;
				"CODE_SIGN_IDENTITY[sdk=iphoneos*]" = "iPhone Developer";
				COPY_PHASE_STRIP = YES;
				GCC_C_LANGUAGE_STANDARD = gnu99;
				GCC_WARN_ABOUT_RETURN_TYPE = YES;
				GCC_WARN_UNINITIALIZED_AUTOS = YES;
				GCC_WARN_UNUSED_VARIABLE = YES;
				IPHONEOS_DEPLOYMENT_TARGET = 6.1;
				OTHER_CFLAGS = "-DNS_BLOCK_ASSERTIONS=1";
				SDKROOT = iphoneos;
				TARGETED_DEVICE_FAMILY = "1,2";
				VALIDATE_PRODUCT = YES;
			};
			name = Release;
		};
		8496EFB417D08BCC006BCB07 /* Debug */ = {
			isa = XCBuildConfiguration;
			buildSettings = {
				GCC_PRECOMPILE_PREFIX_HEADER = YES;
				GCC_PREFIX_HEADER = "iOSSecondsTimerPicker/iOSSecondsTimerPicker-Prefix.pch";
				INFOPLIST_FILE = "iOSSecondsTimerPicker/iOSSecondsTimerPicker-Info.plist";
				PRODUCT_NAME = "$(TARGET_NAME)";
				WRAPPER_EXTENSION = app;
			};
			name = Debug;
		};
		8496EFB517D08BCC006BCB07 /* Release */ = {
			isa = XCBuildConfiguration;
			buildSettings = {
				GCC_PRECOMPILE_PREFIX_HEADER = YES;
				GCC_PREFIX_HEADER = "iOSSecondsTimerPicker/iOSSecondsTimerPicker-Prefix.pch";
				INFOPLIST_FILE = "iOSSecondsTimerPicker/iOSSecondsTimerPicker-Info.plist";
				PRODUCT_NAME = "$(TARGET_NAME)";
				WRAPPER_EXTENSION = app;
			};
			name = Release;
		};
/* End XCBuildConfiguration section */

/* Begin XCConfigurationList section */
		8496EF8817D08BCC006BCB07 /* Build configuration list for PBXProject "iOSSecondsTimerPicker" */ = {
			isa = XCConfigurationList;
			buildConfigurations = (
				8496EFB117D08BCC006BCB07 /* Debug */,
				8496EFB217D08BCC006BCB07 /* Release */,
			);
			defaultConfigurationIsVisible = 0;
			defaultConfigurationName = Release;
		};
		8496EFB317D08BCC006BCB07 /* Build configuration list for PBXNativeTarget "iOSSecondsTimerPicker" */ = {
			isa = XCConfigurationList;
			buildConfigurations = (
				8496EFB417D08BCC006BCB07 /* Debug */,
				8496EFB517D08BCC006BCB07 /* Release */,
			);
			defaultConfigurationIsVisible = 0;
		};
/* End XCConfigurationList section */
	};
	rootObject = 8496EF8517D08BCC006BCB07 /* Project object */;
}
